
Microsoft Visual Studio Solution File, Format Version 12.00
# Visual Studio Version 17
VisualStudioVersion = 17.11.35312.102
MinimumVisualStudioVersion = 10.0.40219.1
Project("{FAE04EC0-301F-11D3-BF4B-00C04F79EFBC}") = "MyFirstConsoleApplication", "MyFirstConsoleApplication.csproj", "{2341F210-6EED-43F4-BDED-3D9A0C17EDDE}"
EndProject
Global
	GlobalSection(SolutionConfigurationPlatforms) = preSolution
		Debug|Any CPU = Debug|Any CPU
		Release|Any CPU = Release|Any CPU
	EndGlobalSection
	GlobalSection(ProjectConfigurationPlatforms) = postSolution
		{2341F210-6EED-43F4-BDED-3D9A0C17EDDE}.Debug|Any CPU.ActiveCfg = Debug|Any CPU
		{2341F210-6EED-43F4-BDED-3D9A0C17EDDE}.Debug|Any CPU.Build.0 = Debug|Any CPU
		{2341F210-6EED-43F4-BDED-3D9A0C17EDDE}.Release|Any CPU.ActiveCfg = Release|Any CPU
		{2341F210-6EED-43F4-BDED-3D9A0C17EDDE}.Release|Any CPU.Build.0 = Release|Any CPU
	EndGlobalSection
	GlobalSection(SolutionProperties) = preSolution
		HideSolutionNode = FALSE
	EndGlobalSection
	GlobalSection(ExtensibilityGlobals) = postSolution
		SolutionGuid = {2C2F5B58-7CD5-472E-A4E7-7A7C388FE7F6}
	EndGlobalSection
EndGlobal
